{
  "version": 4,
  "terraform_version": "1.0.11",
  "serial": 116,
  "lineage": "d015c8c5-904a-3ef5-b9d9-b6515e091a00",
  "outputs": {
    "external_ip_address_node01": {
      "value": "51.250.9.25",
      "type": "string"
    },
    "external_ip_address_node02": {
      "value": "51.250.6.20",
      "type": "string"
    },
    "external_ip_address_node03": {
      "value": "51.250.10.194",
      "type": "string"
    },
    "external_ip_address_node04": {
      "value": "51.250.10.170",
      "type": "string"
    },
    "external_ip_address_node05": {
      "value": "51.250.8.186",
      "type": "string"
    },
    "external_ip_address_node06": {
      "value": "51.250.0.212",
      "type": "string"
    },
    "internal_ip_address_node01": {
      "value": "192.168.101.11",
      "type": "string"
    },
    "internal_ip_address_node02": {
      "value": "192.168.101.12",
      "type": "string"
    },
    "internal_ip_address_node03": {
      "value": "192.168.101.13",
      "type": "string"
    },
    "internal_ip_address_node04": {
      "value": "192.168.101.14",
      "type": "string"
    },
    "internal_ip_address_node05": {
      "value": "192.168.101.15",
      "type": "string"
    },
    "internal_ip_address_node06": {
      "value": "192.168.101.16",
      "type": "string"
    }
  },
  "resources": [
    {
      "mode": "managed",
      "type": "local_file",
      "name": "inventory",
      "provider": "provider[\"registry.terraform.io/hashicorp/local\"]",
      "instances": [
        {
          "schema_version": 0,
          "attributes": {
            "content": "# Ansible inventory containing variable values from Terraform.\n# Generated by Terraform.\n[nodes:children]\nmanagers\nworkers\n[managers:children]\nactive\nstandby\n[active]\nnode01.netology.yc ansible_host=51.250.9.25\n[standby]\nnode02.netology.yc ansible_host=51.250.6.20\nnode03.netology.yc ansible_host=51.250.10.194\n[workers]\nnode04.netology.yc ansible_host=51.250.10.170\nnode05.netology.yc ansible_host=51.250.8.186\nnode06.netology.yc ansible_host=51.250.0.212\n",
            "content_base64": null,
            "directory_permission": "0777",
            "file_permission": "0777",
            "filename": "../ansible/inventory",
            "id": "9a1134018eeaa8092024e118f239e93cad5268c6",
            "sensitive_content": null,
            "source": null
          },
          "sensitive_attributes": [],
          "private": "bnVsbA==",
          "dependencies": [
            "yandex_compute_instance.node01",
            "yandex_compute_instance.node02",
            "yandex_compute_instance.node03",
            "yandex_compute_instance.node04",
            "yandex_compute_instance.node05",
            "yandex_compute_instance.node06",
            "yandex_vpc_network.default",
            "yandex_vpc_subnet.default"
          ]
        }
      ]
    },
    {
      "mode": "managed",
      "type": "null_resource",
      "name": "cluster",
      "provider": "provider[\"registry.terraform.io/hashicorp/null\"]",
      "instances": [
        {
          "schema_version": 0,
          "attributes": {
            "id": "479959727701640133",
            "triggers": null
          },
          "sensitive_attributes": [],
          "private": "bnVsbA==",
          "dependencies": [
            "local_file.inventory",
            "null_resource.wait",
            "yandex_compute_instance.node01",
            "yandex_compute_instance.node02",
            "yandex_compute_instance.node03",
            "yandex_compute_instance.node04",
            "yandex_compute_instance.node05",
            "yandex_compute_instance.node06",
            "yandex_vpc_network.default",
            "yandex_vpc_subnet.default"
          ]
        }
      ]
    },
    {
      "mode": "managed",
      "type": "null_resource",
      "name": "monitoring",
      "provider": "provider[\"registry.terraform.io/hashicorp/null\"]",
      "instances": [
        {
          "schema_version": 0,
          "attributes": {
            "id": "8104665916020293479",
            "triggers": null
          },
          "sensitive_attributes": [],
          "private": "bnVsbA==",
          "dependencies": [
            "local_file.inventory",
            "null_resource.cluster",
            "null_resource.sync",
            "null_resource.wait",
            "yandex_compute_instance.node01",
            "yandex_compute_instance.node02",
            "yandex_compute_instance.node03",
            "yandex_compute_instance.node04",
            "yandex_compute_instance.node05",
            "yandex_compute_instance.node06",
            "yandex_vpc_network.default",
            "yandex_vpc_subnet.default"
          ]
        }
      ]
    },
    {
      "mode": "managed",
      "type": "null_resource",
      "name": "sync",
      "provider": "provider[\"registry.terraform.io/hashicorp/null\"]",
      "instances": [
        {
          "schema_version": 0,
          "attributes": {
            "id": "3671671827525151355",
            "triggers": null
          },
          "sensitive_attributes": [],
          "private": "bnVsbA==",
          "dependencies": [
            "local_file.inventory",
            "null_resource.cluster",
            "null_resource.wait",
            "yandex_compute_instance.node01",
            "yandex_compute_instance.node02",
            "yandex_compute_instance.node03",
            "yandex_compute_instance.node04",
            "yandex_compute_instance.node05",
            "yandex_compute_instance.node06",
            "yandex_vpc_network.default",
            "yandex_vpc_subnet.default"
          ]
        }
      ]
    },
    {
      "mode": "managed",
      "type": "null_resource",
      "name": "wait",
      "provider": "provider[\"registry.terraform.io/hashicorp/null\"]",
      "instances": [
        {
          "schema_version": 0,
          "attributes": {
            "id": "170811375145055851",
            "triggers": null
          },
          "sensitive_attributes": [],
          "private": "bnVsbA==",
          "dependencies": [
            "local_file.inventory",
            "yandex_compute_instance.node01",
            "yandex_compute_instance.node02",
            "yandex_compute_instance.node03",
            "yandex_compute_instance.node04",
            "yandex_compute_instance.node05",
            "yandex_compute_instance.node06",
            "yandex_vpc_network.default",
            "yandex_vpc_subnet.default"
          ]
        }
      ]
    },
    {
      "mode": "managed",
      "type": "yandex_compute_instance",
      "name": "node01",
      "provider": "provider[\"registry.terraform.io/yandex-cloud/yandex\"]",
      "instances": [
        {
          "schema_version": 1,
          "attributes": {
            "allow_stopping_for_update": true,
            "boot_disk": [
              {
                "auto_delete": true,
                "device_name": "fhmbm33uj06d3rtj6eiu",
                "disk_id": "fhmbm33uj06d3rtj6eiu",
                "initialize_params": [
                  {
                    "description": "",
                    "image_id": "fd88vcamabjh65biv3v4",
                    "name": "root-node01",
                    "size": 10,
                    "snapshot_id": "",
                    "type": "network-ssd"
                  }
                ],
                "mode": "READ_WRITE"
              }
            ],
            "created_at": "2021-11-18T01:08:26Z",
            "description": "",
            "folder_id": "b1g51apeerg3vt71o2fl",
            "fqdn": "node01.netology.yc",
            "hostname": "node01",
            "id": "fhm3uuk4oi12rraminc9",
            "labels": null,
            "metadata": {
              "ssh-keys": "centos:ssh-rsa AAAAB3NzaC1yc2EAAAADAQABAAACAQCswLT3xcLZBFNJRGkGYj4iPYRflGzLsY9wlNK5M7AmfYsZ0dgYNllnI4sQUcpqEweXfmfeYko0k2SzMaDNejgUF77HIi3bdAlQjdgt7AboVcVG6OUmXj5O/jyF+ttREXUi8cvaiShG1ldnURgaUopcdCvDK/nkWA1gH5l+y5zYzwuRDSL3i8s1ujR/o2AXibrh1PM37DK/2P1Ob5iR9I1pV1YAAOOmeWEaAYChPL9uZ7PIJOMhwbDRCgZnroERXIGOJTLgcFoxNE17i22IjROAVi7ERbXbsjUjT2Bu8Fc/rWKTK95J6QP62X+VdcWa1cNOdY4NvTa8VzYCCQ1ZmQrSJrJJrSfbDyGboPyNBcywDrXhdhABJvg4mzAoXxpvBYwRHdNsYKtWeQgHtsSazX3T1ktUL2h59wJLJL+Lv9cHjTYAwmfRVxtUQlxkZdqm0P+ow5hyghVg3urZvlFzthaWQHULPbbRiBkYrnvir4Svi9cbGOlJo4k++y4Ti7RVJDyM8RyqVQJmdw3N/91se5asW4C7KPdw96iGFMRf9wsjnwVWwl+c3Y4isKfG6Zi+pXlYDVwDyCvTQi7/7ViQrrl8NRn7locb7WUtxMfHNPRGzbQYmpuRutEcL47xL2fVrKo91zEAOP2zBnBwbHUyXnA5vSHaoYbJaSyMNrOKp3bwrQ== rusakovichmv@gmail.com\n"
            },
            "name": "node01",
            "network_acceleration_type": "standard",
            "network_interface": [
              {
                "dns_record": [],
                "index": 0,
                "ip_address": "192.168.101.11",
                "ipv4": true,
                "ipv6": false,
                "ipv6_address": "",
                "ipv6_dns_record": [],
                "mac_address": "d0:0d:3f:7a:84:c4",
                "nat": true,
                "nat_dns_record": [],
                "nat_ip_address": "51.250.9.25",
                "nat_ip_version": "IPV4",
                "security_group_ids": [],
                "subnet_id": "e9b7f8lc3c8d5gg85eo6"
              }
            ],
            "placement_policy": [
              {
                "placement_group_id": ""
              }
            ],
            "platform_id": "standard-v1",
            "resources": [
              {
                "core_fraction": 100,
                "cores": 4,
                "gpus": 0,
                "memory": 8
              }
            ],
            "scheduling_policy": [
              {
                "preemptible": false
              }
            ],
            "secondary_disk": [],
            "service_account_id": "",
            "status": "running",
            "timeouts": null,
            "zone": "ru-central1-a"
          },
          "sensitive_attributes": [],
          "private": "eyJlMmJmYjczMC1lY2FhLTExZTYtOGY4OC0zNDM2M2JjN2M0YzAiOnsiY3JlYXRlIjozMDAwMDAwMDAwMDAsImRlbGV0ZSI6MzAwMDAwMDAwMDAwLCJ1cGRhdGUiOjMwMDAwMDAwMDAwMH0sInNjaGVtYV92ZXJzaW9uIjoiMSJ9",
          "dependencies": [
            "yandex_vpc_network.default",
            "yandex_vpc_subnet.default"
          ]
        }
      ]
    },
    {
      "mode": "managed",
      "type": "yandex_compute_instance",
      "name": "node02",
      "provider": "provider[\"registry.terraform.io/yandex-cloud/yandex\"]",
      "instances": [
        {
          "schema_version": 1,
          "attributes": {
            "allow_stopping_for_update": true,
            "boot_disk": [
              {
                "auto_delete": true,
                "device_name": "fhm8vpe928jg2aki2jts",
                "disk_id": "fhm8vpe928jg2aki2jts",
                "initialize_params": [
                  {
                    "description": "",
                    "image_id": "fd88vcamabjh65biv3v4",
                    "name": "root-node02",
                    "size": 10,
                    "snapshot_id": "",
                    "type": "network-ssd"
                  }
                ],
                "mode": "READ_WRITE"
              }
            ],
            "created_at": "2021-11-18T01:08:26Z",
            "description": "",
            "folder_id": "b1g51apeerg3vt71o2fl",
            "fqdn": "node02.netology.yc",
            "hostname": "node02",
            "id": "fhm379avvekqirar5k8v",
            "labels": null,
            "metadata": {
              "ssh-keys": "centos:ssh-rsa AAAAB3NzaC1yc2EAAAADAQABAAACAQCswLT3xcLZBFNJRGkGYj4iPYRflGzLsY9wlNK5M7AmfYsZ0dgYNllnI4sQUcpqEweXfmfeYko0k2SzMaDNejgUF77HIi3bdAlQjdgt7AboVcVG6OUmXj5O/jyF+ttREXUi8cvaiShG1ldnURgaUopcdCvDK/nkWA1gH5l+y5zYzwuRDSL3i8s1ujR/o2AXibrh1PM37DK/2P1Ob5iR9I1pV1YAAOOmeWEaAYChPL9uZ7PIJOMhwbDRCgZnroERXIGOJTLgcFoxNE17i22IjROAVi7ERbXbsjUjT2Bu8Fc/rWKTK95J6QP62X+VdcWa1cNOdY4NvTa8VzYCCQ1ZmQrSJrJJrSfbDyGboPyNBcywDrXhdhABJvg4mzAoXxpvBYwRHdNsYKtWeQgHtsSazX3T1ktUL2h59wJLJL+Lv9cHjTYAwmfRVxtUQlxkZdqm0P+ow5hyghVg3urZvlFzthaWQHULPbbRiBkYrnvir4Svi9cbGOlJo4k++y4Ti7RVJDyM8RyqVQJmdw3N/91se5asW4C7KPdw96iGFMRf9wsjnwVWwl+c3Y4isKfG6Zi+pXlYDVwDyCvTQi7/7ViQrrl8NRn7locb7WUtxMfHNPRGzbQYmpuRutEcL47xL2fVrKo91zEAOP2zBnBwbHUyXnA5vSHaoYbJaSyMNrOKp3bwrQ== rusakovichmv@gmail.com\n"
            },
            "name": "node02",
            "network_acceleration_type": "standard",
            "network_interface": [
              {
                "dns_record": [],
                "index": 0,
                "ip_address": "192.168.101.12",
                "ipv4": true,
                "ipv6": false,
                "ipv6_address": "",
                "ipv6_dns_record": [],
                "mac_address": "d0:0d:33:a5:5f:fb",
                "nat": true,
                "nat_dns_record": [],
                "nat_ip_address": "51.250.6.20",
                "nat_ip_version": "IPV4",
                "security_group_ids": [],
                "subnet_id": "e9b7f8lc3c8d5gg85eo6"
              }
            ],
            "placement_policy": [
              {
                "placement_group_id": ""
              }
            ],
            "platform_id": "standard-v1",
            "resources": [
              {
                "core_fraction": 100,
                "cores": 4,
                "gpus": 0,
                "memory": 8
              }
            ],
            "scheduling_policy": [
              {
                "preemptible": false
              }
            ],
            "secondary_disk": [],
            "service_account_id": "",
            "status": "running",
            "timeouts": null,
            "zone": "ru-central1-a"
          },
          "sensitive_attributes": [],
          "private": "eyJlMmJmYjczMC1lY2FhLTExZTYtOGY4OC0zNDM2M2JjN2M0YzAiOnsiY3JlYXRlIjozMDAwMDAwMDAwMDAsImRlbGV0ZSI6MzAwMDAwMDAwMDAwLCJ1cGRhdGUiOjMwMDAwMDAwMDAwMH0sInNjaGVtYV92ZXJzaW9uIjoiMSJ9",
          "dependencies": [
            "yandex_vpc_network.default",
            "yandex_vpc_subnet.default"
          ]
        }
      ]
    },
    {
      "mode": "managed",
      "type": "yandex_compute_instance",
      "name": "node03",
      "provider": "provider[\"registry.terraform.io/yandex-cloud/yandex\"]",
      "instances": [
        {
          "schema_version": 1,
          "attributes": {
            "allow_stopping_for_update": true,
            "boot_disk": [
              {
                "auto_delete": true,
                "device_name": "fhmaigjecfr8pt76jubh",
                "disk_id": "fhmaigjecfr8pt76jubh",
                "initialize_params": [
                  {
                    "description": "",
                    "image_id": "fd88vcamabjh65biv3v4",
                    "name": "root-node03",
                    "size": 10,
                    "snapshot_id": "",
                    "type": "network-ssd"
                  }
                ],
                "mode": "READ_WRITE"
              }
            ],
            "created_at": "2021-11-18T01:08:26Z",
            "description": "",
            "folder_id": "b1g51apeerg3vt71o2fl",
            "fqdn": "node03.netology.yc",
            "hostname": "node03",
            "id": "fhmeu2k3cnsbqh9suuq1",
            "labels": null,
            "metadata": {
              "ssh-keys": "centos:ssh-rsa AAAAB3NzaC1yc2EAAAADAQABAAACAQCswLT3xcLZBFNJRGkGYj4iPYRflGzLsY9wlNK5M7AmfYsZ0dgYNllnI4sQUcpqEweXfmfeYko0k2SzMaDNejgUF77HIi3bdAlQjdgt7AboVcVG6OUmXj5O/jyF+ttREXUi8cvaiShG1ldnURgaUopcdCvDK/nkWA1gH5l+y5zYzwuRDSL3i8s1ujR/o2AXibrh1PM37DK/2P1Ob5iR9I1pV1YAAOOmeWEaAYChPL9uZ7PIJOMhwbDRCgZnroERXIGOJTLgcFoxNE17i22IjROAVi7ERbXbsjUjT2Bu8Fc/rWKTK95J6QP62X+VdcWa1cNOdY4NvTa8VzYCCQ1ZmQrSJrJJrSfbDyGboPyNBcywDrXhdhABJvg4mzAoXxpvBYwRHdNsYKtWeQgHtsSazX3T1ktUL2h59wJLJL+Lv9cHjTYAwmfRVxtUQlxkZdqm0P+ow5hyghVg3urZvlFzthaWQHULPbbRiBkYrnvir4Svi9cbGOlJo4k++y4Ti7RVJDyM8RyqVQJmdw3N/91se5asW4C7KPdw96iGFMRf9wsjnwVWwl+c3Y4isKfG6Zi+pXlYDVwDyCvTQi7/7ViQrrl8NRn7locb7WUtxMfHNPRGzbQYmpuRutEcL47xL2fVrKo91zEAOP2zBnBwbHUyXnA5vSHaoYbJaSyMNrOKp3bwrQ== rusakovichmv@gmail.com\n"
            },
            "name": "node03",
            "network_acceleration_type": "standard",
            "network_interface": [
              {
                "dns_record": [],
                "index": 0,
                "ip_address": "192.168.101.13",
                "ipv4": true,
                "ipv6": false,
                "ipv6_address": "",
                "ipv6_dns_record": [],
                "mac_address": "d0:0d:ef:0a:83:65",
                "nat": true,
                "nat_dns_record": [],
                "nat_ip_address": "51.250.10.194",
                "nat_ip_version": "IPV4",
                "security_group_ids": [],
                "subnet_id": "e9b7f8lc3c8d5gg85eo6"
              }
            ],
            "placement_policy": [
              {
                "placement_group_id": ""
              }
            ],
            "platform_id": "standard-v1",
            "resources": [
              {
                "core_fraction": 100,
                "cores": 4,
                "gpus": 0,
                "memory": 8
              }
            ],
            "scheduling_policy": [
              {
                "preemptible": false
              }
            ],
            "secondary_disk": [],
            "service_account_id": "",
            "status": "running",
            "timeouts": null,
            "zone": "ru-central1-a"
          },
          "sensitive_attributes": [],
          "private": "eyJlMmJmYjczMC1lY2FhLTExZTYtOGY4OC0zNDM2M2JjN2M0YzAiOnsiY3JlYXRlIjozMDAwMDAwMDAwMDAsImRlbGV0ZSI6MzAwMDAwMDAwMDAwLCJ1cGRhdGUiOjMwMDAwMDAwMDAwMH0sInNjaGVtYV92ZXJzaW9uIjoiMSJ9",
          "dependencies": [
            "yandex_vpc_network.default",
            "yandex_vpc_subnet.default"
          ]
        }
      ]
    },
    {
      "mode": "managed",
      "type": "yandex_compute_instance",
      "name": "node04",
      "provider": "provider[\"registry.terraform.io/yandex-cloud/yandex\"]",
      "instances": [
        {
          "schema_version": 1,
          "attributes": {
            "allow_stopping_for_update": true,
            "boot_disk": [
              {
                "auto_delete": true,
                "device_name": "fhm54t45rukh045213it",
                "disk_id": "fhm54t45rukh045213it",
                "initialize_params": [
                  {
                    "description": "",
                    "image_id": "fd88vcamabjh65biv3v4",
                    "name": "root-node04",
                    "size": 40,
                    "snapshot_id": "",
                    "type": "network-ssd"
                  }
                ],
                "mode": "READ_WRITE"
              }
            ],
            "created_at": "2021-11-18T01:08:26Z",
            "description": "",
            "folder_id": "b1g51apeerg3vt71o2fl",
            "fqdn": "node04.netology.yc",
            "hostname": "node04",
            "id": "fhmeqrrg3fief30teluf",
            "labels": null,
            "metadata": {
              "ssh-keys": "centos:ssh-rsa AAAAB3NzaC1yc2EAAAADAQABAAACAQCswLT3xcLZBFNJRGkGYj4iPYRflGzLsY9wlNK5M7AmfYsZ0dgYNllnI4sQUcpqEweXfmfeYko0k2SzMaDNejgUF77HIi3bdAlQjdgt7AboVcVG6OUmXj5O/jyF+ttREXUi8cvaiShG1ldnURgaUopcdCvDK/nkWA1gH5l+y5zYzwuRDSL3i8s1ujR/o2AXibrh1PM37DK/2P1Ob5iR9I1pV1YAAOOmeWEaAYChPL9uZ7PIJOMhwbDRCgZnroERXIGOJTLgcFoxNE17i22IjROAVi7ERbXbsjUjT2Bu8Fc/rWKTK95J6QP62X+VdcWa1cNOdY4NvTa8VzYCCQ1ZmQrSJrJJrSfbDyGboPyNBcywDrXhdhABJvg4mzAoXxpvBYwRHdNsYKtWeQgHtsSazX3T1ktUL2h59wJLJL+Lv9cHjTYAwmfRVxtUQlxkZdqm0P+ow5hyghVg3urZvlFzthaWQHULPbbRiBkYrnvir4Svi9cbGOlJo4k++y4Ti7RVJDyM8RyqVQJmdw3N/91se5asW4C7KPdw96iGFMRf9wsjnwVWwl+c3Y4isKfG6Zi+pXlYDVwDyCvTQi7/7ViQrrl8NRn7locb7WUtxMfHNPRGzbQYmpuRutEcL47xL2fVrKo91zEAOP2zBnBwbHUyXnA5vSHaoYbJaSyMNrOKp3bwrQ== rusakovichmv@gmail.com\n"
            },
            "name": "node04",
            "network_acceleration_type": "standard",
            "network_interface": [
              {
                "dns_record": [],
                "index": 0,
                "ip_address": "192.168.101.14",
                "ipv4": true,
                "ipv6": false,
                "ipv6_address": "",
                "ipv6_dns_record": [],
                "mac_address": "d0:0d:ed:6f:70:1b",
                "nat": true,
                "nat_dns_record": [],
                "nat_ip_address": "51.250.10.170",
                "nat_ip_version": "IPV4",
                "security_group_ids": [],
                "subnet_id": "e9b7f8lc3c8d5gg85eo6"
              }
            ],
            "placement_policy": [
              {
                "placement_group_id": ""
              }
            ],
            "platform_id": "standard-v1",
            "resources": [
              {
                "core_fraction": 100,
                "cores": 4,
                "gpus": 0,
                "memory": 8
              }
            ],
            "scheduling_policy": [
              {
                "preemptible": false
              }
            ],
            "secondary_disk": [],
            "service_account_id": "",
            "status": "running",
            "timeouts": null,
            "zone": "ru-central1-a"
          },
          "sensitive_attributes": [],
          "private": "eyJlMmJmYjczMC1lY2FhLTExZTYtOGY4OC0zNDM2M2JjN2M0YzAiOnsiY3JlYXRlIjozMDAwMDAwMDAwMDAsImRlbGV0ZSI6MzAwMDAwMDAwMDAwLCJ1cGRhdGUiOjMwMDAwMDAwMDAwMH0sInNjaGVtYV92ZXJzaW9uIjoiMSJ9",
          "dependencies": [
            "yandex_vpc_network.default",
            "yandex_vpc_subnet.default"
          ]
        }
      ]
    },
    {
      "mode": "managed",
      "type": "yandex_compute_instance",
      "name": "node05",
      "provider": "provider[\"registry.terraform.io/yandex-cloud/yandex\"]",
      "instances": [
        {
          "schema_version": 1,
          "attributes": {
            "allow_stopping_for_update": true,
            "boot_disk": [
              {
                "auto_delete": true,
                "device_name": "fhm5agqh01gavb9604dd",
                "disk_id": "fhm5agqh01gavb9604dd",
                "initialize_params": [
                  {
                    "description": "",
                    "image_id": "fd88vcamabjh65biv3v4",
                    "name": "root-node05",
                    "size": 40,
                    "snapshot_id": "",
                    "type": "network-ssd"
                  }
                ],
                "mode": "READ_WRITE"
              }
            ],
            "created_at": "2021-11-18T01:08:26Z",
            "description": "",
            "folder_id": "b1g51apeerg3vt71o2fl",
            "fqdn": "node05.netology.yc",
            "hostname": "node05",
            "id": "fhm7jnbjl1v45oqgajtf",
            "labels": null,
            "metadata": {
              "ssh-keys": "centos:ssh-rsa AAAAB3NzaC1yc2EAAAADAQABAAACAQCswLT3xcLZBFNJRGkGYj4iPYRflGzLsY9wlNK5M7AmfYsZ0dgYNllnI4sQUcpqEweXfmfeYko0k2SzMaDNejgUF77HIi3bdAlQjdgt7AboVcVG6OUmXj5O/jyF+ttREXUi8cvaiShG1ldnURgaUopcdCvDK/nkWA1gH5l+y5zYzwuRDSL3i8s1ujR/o2AXibrh1PM37DK/2P1Ob5iR9I1pV1YAAOOmeWEaAYChPL9uZ7PIJOMhwbDRCgZnroERXIGOJTLgcFoxNE17i22IjROAVi7ERbXbsjUjT2Bu8Fc/rWKTK95J6QP62X+VdcWa1cNOdY4NvTa8VzYCCQ1ZmQrSJrJJrSfbDyGboPyNBcywDrXhdhABJvg4mzAoXxpvBYwRHdNsYKtWeQgHtsSazX3T1ktUL2h59wJLJL+Lv9cHjTYAwmfRVxtUQlxkZdqm0P+ow5hyghVg3urZvlFzthaWQHULPbbRiBkYrnvir4Svi9cbGOlJo4k++y4Ti7RVJDyM8RyqVQJmdw3N/91se5asW4C7KPdw96iGFMRf9wsjnwVWwl+c3Y4isKfG6Zi+pXlYDVwDyCvTQi7/7ViQrrl8NRn7locb7WUtxMfHNPRGzbQYmpuRutEcL47xL2fVrKo91zEAOP2zBnBwbHUyXnA5vSHaoYbJaSyMNrOKp3bwrQ== rusakovichmv@gmail.com\n"
            },
            "name": "node05",
            "network_acceleration_type": "standard",
            "network_interface": [
              {
                "dns_record": [],
                "index": 0,
                "ip_address": "192.168.101.15",
                "ipv4": true,
                "ipv6": false,
                "ipv6_address": "",
                "ipv6_dns_record": [],
                "mac_address": "d0:0d:79:dd:73:a8",
                "nat": true,
                "nat_dns_record": [],
                "nat_ip_address": "51.250.8.186",
                "nat_ip_version": "IPV4",
                "security_group_ids": [],
                "subnet_id": "e9b7f8lc3c8d5gg85eo6"
              }
            ],
            "placement_policy": [
              {
                "placement_group_id": ""
              }
            ],
            "platform_id": "standard-v1",
            "resources": [
              {
                "core_fraction": 100,
                "cores": 4,
                "gpus": 0,
                "memory": 8
              }
            ],
            "scheduling_policy": [
              {
                "preemptible": false
              }
            ],
            "secondary_disk": [],
            "service_account_id": "",
            "status": "running",
            "timeouts": null,
            "zone": "ru-central1-a"
          },
          "sensitive_attributes": [],
          "private": "eyJlMmJmYjczMC1lY2FhLTExZTYtOGY4OC0zNDM2M2JjN2M0YzAiOnsiY3JlYXRlIjozMDAwMDAwMDAwMDAsImRlbGV0ZSI6MzAwMDAwMDAwMDAwLCJ1cGRhdGUiOjMwMDAwMDAwMDAwMH0sInNjaGVtYV92ZXJzaW9uIjoiMSJ9",
          "dependencies": [
            "yandex_vpc_network.default",
            "yandex_vpc_subnet.default"
          ]
        }
      ]
    },
    {
      "mode": "managed",
      "type": "yandex_compute_instance",
      "name": "node06",
      "provider": "provider[\"registry.terraform.io/yandex-cloud/yandex\"]",
      "instances": [
        {
          "schema_version": 1,
          "attributes": {
            "allow_stopping_for_update": true,
            "boot_disk": [
              {
                "auto_delete": true,
                "device_name": "fhm5qju97c2rj50blqvt",
                "disk_id": "fhm5qju97c2rj50blqvt",
                "initialize_params": [
                  {
                    "description": "",
                    "image_id": "fd88vcamabjh65biv3v4",
                    "name": "root-node06",
                    "size": 40,
                    "snapshot_id": "",
                    "type": "network-ssd"
                  }
                ],
                "mode": "READ_WRITE"
              }
            ],
            "created_at": "2021-11-18T01:08:26Z",
            "description": "",
            "folder_id": "b1g51apeerg3vt71o2fl",
            "fqdn": "node06.netology.yc",
            "hostname": "node06",
            "id": "fhmsis24snhbml1m17sv",
            "labels": null,
            "metadata": {
              "ssh-keys": "centos:ssh-rsa AAAAB3NzaC1yc2EAAAADAQABAAACAQCswLT3xcLZBFNJRGkGYj4iPYRflGzLsY9wlNK5M7AmfYsZ0dgYNllnI4sQUcpqEweXfmfeYko0k2SzMaDNejgUF77HIi3bdAlQjdgt7AboVcVG6OUmXj5O/jyF+ttREXUi8cvaiShG1ldnURgaUopcdCvDK/nkWA1gH5l+y5zYzwuRDSL3i8s1ujR/o2AXibrh1PM37DK/2P1Ob5iR9I1pV1YAAOOmeWEaAYChPL9uZ7PIJOMhwbDRCgZnroERXIGOJTLgcFoxNE17i22IjROAVi7ERbXbsjUjT2Bu8Fc/rWKTK95J6QP62X+VdcWa1cNOdY4NvTa8VzYCCQ1ZmQrSJrJJrSfbDyGboPyNBcywDrXhdhABJvg4mzAoXxpvBYwRHdNsYKtWeQgHtsSazX3T1ktUL2h59wJLJL+Lv9cHjTYAwmfRVxtUQlxkZdqm0P+ow5hyghVg3urZvlFzthaWQHULPbbRiBkYrnvir4Svi9cbGOlJo4k++y4Ti7RVJDyM8RyqVQJmdw3N/91se5asW4C7KPdw96iGFMRf9wsjnwVWwl+c3Y4isKfG6Zi+pXlYDVwDyCvTQi7/7ViQrrl8NRn7locb7WUtxMfHNPRGzbQYmpuRutEcL47xL2fVrKo91zEAOP2zBnBwbHUyXnA5vSHaoYbJaSyMNrOKp3bwrQ== rusakovichmv@gmail.com\n"
            },
            "name": "node06",
            "network_acceleration_type": "standard",
            "network_interface": [
              {
                "dns_record": [],
                "index": 0,
                "ip_address": "192.168.101.16",
                "ipv4": true,
                "ipv6": false,
                "ipv6_address": "",
                "ipv6_dns_record": [],
                "mac_address": "d0:0d:1c:97:04:4e",
                "nat": true,
                "nat_dns_record": [],
                "nat_ip_address": "51.250.0.212",
                "nat_ip_version": "IPV4",
                "security_group_ids": [],
                "subnet_id": "e9b7f8lc3c8d5gg85eo6"
              }
            ],
            "placement_policy": [
              {
                "placement_group_id": ""
              }
            ],
            "platform_id": "standard-v1",
            "resources": [
              {
                "core_fraction": 100,
                "cores": 4,
                "gpus": 0,
                "memory": 8
              }
            ],
            "scheduling_policy": [
              {
                "preemptible": false
              }
            ],
            "secondary_disk": [],
            "service_account_id": "",
            "status": "running",
            "timeouts": null,
            "zone": "ru-central1-a"
          },
          "sensitive_attributes": [],
          "private": "eyJlMmJmYjczMC1lY2FhLTExZTYtOGY4OC0zNDM2M2JjN2M0YzAiOnsiY3JlYXRlIjozMDAwMDAwMDAwMDAsImRlbGV0ZSI6MzAwMDAwMDAwMDAwLCJ1cGRhdGUiOjMwMDAwMDAwMDAwMH0sInNjaGVtYV92ZXJzaW9uIjoiMSJ9",
          "dependencies": [
            "yandex_vpc_network.default",
            "yandex_vpc_subnet.default"
          ]
        }
      ]
    },
    {
      "mode": "managed",
      "type": "yandex_vpc_network",
      "name": "default",
      "provider": "provider[\"registry.terraform.io/yandex-cloud/yandex\"]",
      "instances": [
        {
          "schema_version": 0,
          "attributes": {
            "created_at": "2021-11-18T01:08:23Z",
            "default_security_group_id": "",
            "description": "",
            "folder_id": "b1g51apeerg3vt71o2fl",
            "id": "enp6l0mi6ols96r8lou6",
            "labels": {},
            "name": "net",
            "subnet_ids": [],
            "timeouts": null
          },
          "sensitive_attributes": [],
          "private": "eyJlMmJmYjczMC1lY2FhLTExZTYtOGY4OC0zNDM2M2JjN2M0YzAiOnsiY3JlYXRlIjo2MDAwMDAwMDAwMCwiZGVsZXRlIjo2MDAwMDAwMDAwMCwidXBkYXRlIjo2MDAwMDAwMDAwMH19"
        }
      ]
    },
    {
      "mode": "managed",
      "type": "yandex_vpc_subnet",
      "name": "default",
      "provider": "provider[\"registry.terraform.io/yandex-cloud/yandex\"]",
      "instances": [
        {
          "schema_version": 0,
          "attributes": {
            "created_at": "2021-11-18T01:08:24Z",
            "description": "",
            "dhcp_options": [],
            "folder_id": "b1g51apeerg3vt71o2fl",
            "id": "e9b7f8lc3c8d5gg85eo6",
            "labels": {},
            "name": "subnet",
            "network_id": "enp6l0mi6ols96r8lou6",
            "route_table_id": "",
            "timeouts": null,
            "v4_cidr_blocks": [
              "192.168.101.0/24"
            ],
            "v6_cidr_blocks": [],
            "zone": "ru-central1-a"
          },
          "sensitive_attributes": [],
          "private": "eyJlMmJmYjczMC1lY2FhLTExZTYtOGY4OC0zNDM2M2JjN2M0YzAiOnsiY3JlYXRlIjoxODAwMDAwMDAwMDAsImRlbGV0ZSI6MTgwMDAwMDAwMDAwLCJ1cGRhdGUiOjE4MDAwMDAwMDAwMH19",
          "dependencies": [
            "yandex_vpc_network.default"
          ]
        }
      ]
    }
  ]
}
