{
  "version": 4,
  "terraform_version": "1.0.11",
  "serial": 4,
  "lineage": "4aa30aeb-90bb-6448-3c5b-f5cdce5cfb65",
  "outputs": {
    "external_ip_address_node01_yandex_cloud": {
      "value": "51.250.10.90",
      "type": "string"
    },
    "internal_ip_address_node01_yandex_cloud": {
      "value": "192.168.101.20",
      "type": "string"
    }
  },
  "resources": [
    {
      "mode": "managed",
      "type": "yandex_compute_instance",
      "name": "node01",
      "provider": "provider[\"registry.terraform.io/yandex-cloud/yandex\"]",
      "instances": [
        {
          "schema_version": 1,
          "attributes": {
            "allow_stopping_for_update": true,
            "boot_disk": [
              {
                "auto_delete": true,
                "device_name": "fhm0adbv10029p86q28c",
                "disk_id": "fhm0adbv10029p86q28c",
                "initialize_params": [
                  {
                    "description": "",
                    "image_id": "fd85iepcbpb9hgrisk5u",
                    "name": "root-node01",
                    "size": 50,
                    "snapshot_id": "",
                    "type": "network-ssd"
                  }
                ],
                "mode": "READ_WRITE"
              }
            ],
            "created_at": "2021-11-14T13:35:33Z",
            "description": "",
            "folder_id": "b1g51apeerg3vt71o2fl",
            "fqdn": "node01.netology.cloud",
            "hostname": "node01",
            "id": "fhm6le143urnd1dstdfe",
            "labels": null,
            "metadata": {
              "ssh-keys": "centos:ssh-rsa AAAAB3NzaC1yc2EAAAADAQABAAACAQCswLT3xcLZBFNJRGkGYj4iPYRflGzLsY9wlNK5M7AmfYsZ0dgYNllnI4sQUcpqEweXfmfeYko0k2SzMaDNejgUF77HIi3bdAlQjdgt7AboVcVG6OUmXj5O/jyF+ttREXUi8cvaiShG1ldnURgaUopcdCvDK/nkWA1gH5l+y5zYzwuRDSL3i8s1ujR/o2AXibrh1PM37DK/2P1Ob5iR9I1pV1YAAOOmeWEaAYChPL9uZ7PIJOMhwbDRCgZnroERXIGOJTLgcFoxNE17i22IjROAVi7ERbXbsjUjT2Bu8Fc/rWKTK95J6QP62X+VdcWa1cNOdY4NvTa8VzYCCQ1ZmQrSJrJJrSfbDyGboPyNBcywDrXhdhABJvg4mzAoXxpvBYwRHdNsYKtWeQgHtsSazX3T1ktUL2h59wJLJL+Lv9cHjTYAwmfRVxtUQlxkZdqm0P+ow5hyghVg3urZvlFzthaWQHULPbbRiBkYrnvir4Svi9cbGOlJo4k++y4Ti7RVJDyM8RyqVQJmdw3N/91se5asW4C7KPdw96iGFMRf9wsjnwVWwl+c3Y4isKfG6Zi+pXlYDVwDyCvTQi7/7ViQrrl8NRn7locb7WUtxMfHNPRGzbQYmpuRutEcL47xL2fVrKo91zEAOP2zBnBwbHUyXnA5vSHaoYbJaSyMNrOKp3bwrQ== rusakovichmv@gmail.com\n"
            },
            "name": "node01",
            "network_acceleration_type": "standard",
            "network_interface": [
              {
                "dns_record": [],
                "index": 0,
                "ip_address": "192.168.101.20",
                "ipv4": true,
                "ipv6": false,
                "ipv6_address": "",
                "ipv6_dns_record": [],
                "mac_address": "d0:0d:6a:b8:24:1f",
                "nat": true,
                "nat_dns_record": [],
                "nat_ip_address": "51.250.10.90",
                "nat_ip_version": "IPV4",
                "security_group_ids": [],
                "subnet_id": "e9bq1mvkm0a69l2assas"
              }
            ],
            "placement_policy": [
              {
                "placement_group_id": ""
              }
            ],
            "platform_id": "standard-v1",
            "resources": [
              {
                "core_fraction": 100,
                "cores": 8,
                "gpus": 0,
                "memory": 8
              }
            ],
            "scheduling_policy": [
              {
                "preemptible": false
              }
            ],
            "secondary_disk": [],
            "service_account_id": "",
            "status": "running",
            "timeouts": null,
            "zone": "ru-central1-a"
          },
          "sensitive_attributes": [],
          "private": "eyJlMmJmYjczMC1lY2FhLTExZTYtOGY4OC0zNDM2M2JjN2M0YzAiOnsiY3JlYXRlIjozMDAwMDAwMDAwMDAsImRlbGV0ZSI6MzAwMDAwMDAwMDAwLCJ1cGRhdGUiOjMwMDAwMDAwMDAwMH0sInNjaGVtYV92ZXJzaW9uIjoiMSJ9",
          "dependencies": [
            "yandex_vpc_network.default",
            "yandex_vpc_subnet.default"
          ]
        }
      ]
    },
    {
      "mode": "managed",
      "type": "yandex_vpc_network",
      "name": "default",
      "provider": "provider[\"registry.terraform.io/yandex-cloud/yandex\"]",
      "instances": [
        {
          "schema_version": 0,
          "attributes": {
            "created_at": "2021-11-14T13:35:30Z",
            "default_security_group_id": "",
            "description": "",
            "folder_id": "b1g51apeerg3vt71o2fl",
            "id": "enpa6ca47n4mrdst552t",
            "labels": {},
            "name": "network01",
            "subnet_ids": [],
            "timeouts": null
          },
          "sensitive_attributes": [],
          "private": "eyJlMmJmYjczMC1lY2FhLTExZTYtOGY4OC0zNDM2M2JjN2M0YzAiOnsiY3JlYXRlIjo2MDAwMDAwMDAwMCwiZGVsZXRlIjo2MDAwMDAwMDAwMCwidXBkYXRlIjo2MDAwMDAwMDAwMH19"
        }
      ]
    },
    {
      "mode": "managed",
      "type": "yandex_vpc_subnet",
      "name": "default",
      "provider": "provider[\"registry.terraform.io/yandex-cloud/yandex\"]",
      "instances": [
        {
          "schema_version": 0,
          "attributes": {
            "created_at": "2021-11-14T13:35:31Z",
            "description": "",
            "dhcp_options": [],
            "folder_id": "b1g51apeerg3vt71o2fl",
            "id": "e9bq1mvkm0a69l2assas",
            "labels": {},
            "name": "sub-network01",
            "network_id": "enpa6ca47n4mrdst552t",
            "route_table_id": "",
            "timeouts": null,
            "v4_cidr_blocks": [
              "192.168.101.0/24"
            ],
            "v6_cidr_blocks": [],
            "zone": "ru-central1-a"
          },
          "sensitive_attributes": [],
          "private": "eyJlMmJmYjczMC1lY2FhLTExZTYtOGY4OC0zNDM2M2JjN2M0YzAiOnsiY3JlYXRlIjoxODAwMDAwMDAwMDAsImRlbGV0ZSI6MTgwMDAwMDAwMDAwLCJ1cGRhdGUiOjE4MDAwMDAwMDAwMH19",
          "dependencies": [
            "yandex_vpc_network.default"
          ]
        }
      ]
    }
  ]
}
